
Microsoft Visual Studio Solution File, Format Version 12.00
# Visual Studio Version 16
VisualStudioVersion = 16.0.29509.3
MinimumVisualStudioVersion = 10.0.40219.1
Project("{FAE04EC0-301F-11D3-BF4B-00C04F79EFBC}") = "AttachmentUpload", "AttachmentUpload\AttachmentUpload.csproj", "{E3234507-7A68-4E0C-B618-247F98B813EA}"
EndProject
Project("{FAE04EC0-301F-11D3-BF4B-00C04F79EFBC}") = "ThreadUpload", "ThreadUpload\ThreadUpload.csproj", "{BFF13601-973F-40C2-8F6E-79241D3ECBA4}"
EndProject
Project("{9A19103F-16F7-4668-BE54-9A1E7A4F7556}") = "TestWebAPI", "TestWebAPI\TestWebAPI.csproj", "{4B37F091-E5CF-4E0E-8CE9-FDE3FCC99404}"
EndProject
Global
	GlobalSection(SolutionConfigurationPlatforms) = preSolution
		Debug|Any CPU = Debug|Any CPU
		Release|Any CPU = Release|Any CPU
	EndGlobalSection
	GlobalSection(ProjectConfigurationPlatforms) = postSolution
		{E3234507-7A68-4E0C-B618-247F98B813EA}.Debug|Any CPU.ActiveCfg = Debug|Any CPU
		{E3234507-7A68-4E0C-B618-247F98B813EA}.Debug|Any CPU.Build.0 = Debug|Any CPU
		{E3234507-7A68-4E0C-B618-247F98B813EA}.Release|Any CPU.ActiveCfg = Release|Any CPU
		{E3234507-7A68-4E0C-B618-247F98B813EA}.Release|Any CPU.Build.0 = Release|Any CPU
		{BFF13601-973F-40C2-8F6E-79241D3ECBA4}.Debug|Any CPU.ActiveCfg = Debug|Any CPU
		{BFF13601-973F-40C2-8F6E-79241D3ECBA4}.Debug|Any CPU.Build.0 = Debug|Any CPU
		{BFF13601-973F-40C2-8F6E-79241D3ECBA4}.Release|Any CPU.ActiveCfg = Release|Any CPU
		{BFF13601-973F-40C2-8F6E-79241D3ECBA4}.Release|Any CPU.Build.0 = Release|Any CPU
		{4B37F091-E5CF-4E0E-8CE9-FDE3FCC99404}.Debug|Any CPU.ActiveCfg = Debug|Any CPU
		{4B37F091-E5CF-4E0E-8CE9-FDE3FCC99404}.Debug|Any CPU.Build.0 = Debug|Any CPU
		{4B37F091-E5CF-4E0E-8CE9-FDE3FCC99404}.Release|Any CPU.ActiveCfg = Release|Any CPU
		{4B37F091-E5CF-4E0E-8CE9-FDE3FCC99404}.Release|Any CPU.Build.0 = Release|Any CPU
	EndGlobalSection
	GlobalSection(SolutionProperties) = preSolution
		HideSolutionNode = FALSE
	EndGlobalSection
	GlobalSection(ExtensibilityGlobals) = postSolution
		SolutionGuid = {E5F094D8-6D41-49B0-BBF5-33329E0F3797}
	EndGlobalSection
EndGlobal
